
Microsoft Visual Studio Solution File, Format Version 12.00
# Visual Studio Version 17
VisualStudioVersion = 17.5.33530.505
MinimumVisualStudioVersion = 10.0.40219.1
Project("{FAE04EC0-301F-11D3-BF4B-00C04F79EFBC}") = "FormSubmission", "FormSubmission.csproj", "{9A1DFA2D-686D-4908-A411-8A7E37182A6E}"
EndProject
Global
	GlobalSection(SolutionConfigurationPlatforms) = preSolution
		Debug|Any CPU = Debug|Any CPU
		Release|Any CPU = Release|Any CPU
	EndGlobalSection
	GlobalSection(ProjectConfigurationPlatforms) = postSolution
		{9A1DFA2D-686D-4908-A411-8A7E37182A6E}.Debug|Any CPU.ActiveCfg = Debug|Any CPU
		{9A1DFA2D-686D-4908-A411-8A7E37182A6E}.Debug|Any CPU.Build.0 = Debug|Any CPU
		{9A1DFA2D-686D-4908-A411-8A7E37182A6E}.Release|Any CPU.ActiveCfg = Release|Any CPU
		{9A1DFA2D-686D-4908-A411-8A7E37182A6E}.Release|Any CPU.Build.0 = Release|Any CPU
	EndGlobalSection
	GlobalSection(SolutionProperties) = preSolution
		HideSolutionNode = FALSE
	EndGlobalSection
	GlobalSection(ExtensibilityGlobals) = postSolution
		SolutionGuid = {ECB744C6-1955-4F40-ADE9-EB44FF1F7406}
	EndGlobalSection
EndGlobal
